
Microsoft Visual Studio Solution File, Format Version 12.00
# Visual Studio Version 16
VisualStudioVersion = 16.0.30517.126
MinimumVisualStudioVersion = 10.0.40219.1
Project("{2150E333-8FDC-42A3-9474-1A3956D46DE8}") = "src", "src", "{BCAE716E-AE84-4169-B5F4-21947564D231}"
EndProject
Project("{2150E333-8FDC-42A3-9474-1A3956D46DE8}") = "test", "test", "{B69F6133-0D77-404D-8F23-66C029989C80}"
EndProject
Project("{9A19103F-16F7-4668-BE54-9A1E7A4F7556}") = "Kabomu", "src\Kabomu\Kabomu.csproj", "{21A2F9A5-DBFA-4B00-9540-9593B2892D15}"
EndProject
Project("{9A19103F-16F7-4668-BE54-9A1E7A4F7556}") = "Kabomu.Tests", "test\Kabomu.Tests\Kabomu.Tests.csproj", "{B315954C-FB4D-4CB4-8A67-EF402F020C1A}"
EndProject
Project("{2150E333-8FDC-42A3-9474-1A3956D46DE8}") = "examples", "examples", "{2639FC39-6A20-4143-AF38-FF27E1446806}"
EndProject
Project("{9A19103F-16F7-4668-BE54-9A1E7A4F7556}") = "Tcp.FileClient", "examples\Tcp.FileClient\Tcp.FileClient.csproj", "{B7E5FD3D-203F-4A4C-863F-9397F6FCF0FD}"
EndProject
Project("{9A19103F-16F7-4668-BE54-9A1E7A4F7556}") = "Tcp.FileServer", "examples\Tcp.FileServer\Tcp.FileServer.csproj", "{2D552544-2994-4A53-996C-B3001501B353}"
EndProject
Project("{9A19103F-16F7-4668-BE54-9A1E7A4F7556}") = "Kabomu.Tests.Shared", "test\Kabomu.Tests.Shared\Kabomu.Tests.Shared.csproj", "{F700C478-A63C-410C-8E0F-CABA71A5BA01}"
EndProject
Project("{9A19103F-16F7-4668-BE54-9A1E7A4F7556}") = "Kabomu.Examples.Shared", "examples\Kabomu.Examples.Shared\Kabomu.Examples.Shared.csproj", "{E3B27033-917B-4D35-A938-CCAD40FC55D7}"
EndProject
Project("{9A19103F-16F7-4668-BE54-9A1E7A4F7556}") = "WindowsNamedPipe.FileServer", "examples\WindowsNamedPipe.FileServer\WindowsNamedPipe.FileServer.csproj", "{BF8E3B42-9628-46BF-AC8D-DF53037C423E}"
EndProject
Project("{9A19103F-16F7-4668-BE54-9A1E7A4F7556}") = "WindowsNamedPipe.FileClient", "examples\WindowsNamedPipe.FileClient\WindowsNamedPipe.FileClient.csproj", "{B5EE4E75-A5BA-4D83-A2F7-DF236A406B30}"
EndProject
Project("{9A19103F-16F7-4668-BE54-9A1E7A4F7556}") = "UnixDomainSocket.FileServer", "examples\UnixDomainSocket.FileServer\UnixDomainSocket.FileServer.csproj", "{A3F52D2F-4072-4925-977F-ACC8624E77E4}"
EndProject
Project("{9A19103F-16F7-4668-BE54-9A1E7A4F7556}") = "UnixDomainSocket.FileClient", "examples\UnixDomainSocket.FileClient\UnixDomainSocket.FileClient.csproj", "{A7546758-C5CA-49EB-85FA-1F2B4328D6A4}"
EndProject
Project("{9A19103F-16F7-4668-BE54-9A1E7A4F7556}") = "Memory.FileExchange", "examples\Memory.FileExchange\Memory.FileExchange.csproj", "{8B7FF6B1-D48A-48A0-A00D-359E243D589A}"
EndProject
Project("{FAE04EC0-301F-11D3-BF4B-00C04F79EFBC}") = "Http.FileServer", "examples\Http.FileServer\Http.FileServer.csproj", "{3ED5E883-F15F-4AA8-877C-1E6343FCDEBC}"
EndProject
Project("{FAE04EC0-301F-11D3-BF4B-00C04F79EFBC}") = "Http.FileClient", "examples\Http.FileClient\Http.FileClient.csproj", "{604E7258-9250-43A9-A59E-D06303FA3994}"
EndProject
Global
	GlobalSection(SolutionConfigurationPlatforms) = preSolution
		Debug|Any CPU = Debug|Any CPU
		Release|Any CPU = Release|Any CPU
	EndGlobalSection
	GlobalSection(ProjectConfigurationPlatforms) = postSolution
		{21A2F9A5-DBFA-4B00-9540-9593B2892D15}.Debug|Any CPU.ActiveCfg = Debug|Any CPU
		{21A2F9A5-DBFA-4B00-9540-9593B2892D15}.Debug|Any CPU.Build.0 = Debug|Any CPU
		{21A2F9A5-DBFA-4B00-9540-9593B2892D15}.Release|Any CPU.ActiveCfg = Release|Any CPU
		{21A2F9A5-DBFA-4B00-9540-9593B2892D15}.Release|Any CPU.Build.0 = Release|Any CPU
		{B315954C-FB4D-4CB4-8A67-EF402F020C1A}.Debug|Any CPU.ActiveCfg = Debug|Any CPU
		{B315954C-FB4D-4CB4-8A67-EF402F020C1A}.Debug|Any CPU.Build.0 = Debug|Any CPU
		{B315954C-FB4D-4CB4-8A67-EF402F020C1A}.Release|Any CPU.ActiveCfg = Release|Any CPU
		{B315954C-FB4D-4CB4-8A67-EF402F020C1A}.Release|Any CPU.Build.0 = Release|Any CPU
		{B7E5FD3D-203F-4A4C-863F-9397F6FCF0FD}.Debug|Any CPU.ActiveCfg = Debug|Any CPU
		{B7E5FD3D-203F-4A4C-863F-9397F6FCF0FD}.Debug|Any CPU.Build.0 = Debug|Any CPU
		{B7E5FD3D-203F-4A4C-863F-9397F6FCF0FD}.Release|Any CPU.ActiveCfg = Release|Any CPU
		{B7E5FD3D-203F-4A4C-863F-9397F6FCF0FD}.Release|Any CPU.Build.0 = Release|Any CPU
		{2D552544-2994-4A53-996C-B3001501B353}.Debug|Any CPU.ActiveCfg = Debug|Any CPU
		{2D552544-2994-4A53-996C-B3001501B353}.Debug|Any CPU.Build.0 = Debug|Any CPU
		{2D552544-2994-4A53-996C-B3001501B353}.Release|Any CPU.ActiveCfg = Release|Any CPU
		{2D552544-2994-4A53-996C-B3001501B353}.Release|Any CPU.Build.0 = Release|Any CPU
		{F700C478-A63C-410C-8E0F-CABA71A5BA01}.Debug|Any CPU.ActiveCfg = Debug|Any CPU
		{F700C478-A63C-410C-8E0F-CABA71A5BA01}.Debug|Any CPU.Build.0 = Debug|Any CPU
		{F700C478-A63C-410C-8E0F-CABA71A5BA01}.Release|Any CPU.ActiveCfg = Release|Any CPU
		{F700C478-A63C-410C-8E0F-CABA71A5BA01}.Release|Any CPU.Build.0 = Release|Any CPU
		{E3B27033-917B-4D35-A938-CCAD40FC55D7}.Debug|Any CPU.ActiveCfg = Debug|Any CPU
		{E3B27033-917B-4D35-A938-CCAD40FC55D7}.Debug|Any CPU.Build.0 = Debug|Any CPU
		{E3B27033-917B-4D35-A938-CCAD40FC55D7}.Release|Any CPU.ActiveCfg = Release|Any CPU
		{E3B27033-917B-4D35-A938-CCAD40FC55D7}.Release|Any CPU.Build.0 = Release|Any CPU
		{BF8E3B42-9628-46BF-AC8D-DF53037C423E}.Debug|Any CPU.ActiveCfg = Debug|Any CPU
		{BF8E3B42-9628-46BF-AC8D-DF53037C423E}.Debug|Any CPU.Build.0 = Debug|Any CPU
		{BF8E3B42-9628-46BF-AC8D-DF53037C423E}.Release|Any CPU.ActiveCfg = Release|Any CPU
		{BF8E3B42-9628-46BF-AC8D-DF53037C423E}.Release|Any CPU.Build.0 = Release|Any CPU
		{B5EE4E75-A5BA-4D83-A2F7-DF236A406B30}.Debug|Any CPU.ActiveCfg = Debug|Any CPU
		{B5EE4E75-A5BA-4D83-A2F7-DF236A406B30}.Debug|Any CPU.Build.0 = Debug|Any CPU
		{B5EE4E75-A5BA-4D83-A2F7-DF236A406B30}.Release|Any CPU.ActiveCfg = Release|Any CPU
		{B5EE4E75-A5BA-4D83-A2F7-DF236A406B30}.Release|Any CPU.Build.0 = Release|Any CPU
		{A3F52D2F-4072-4925-977F-ACC8624E77E4}.Debug|Any CPU.ActiveCfg = Debug|Any CPU
		{A3F52D2F-4072-4925-977F-ACC8624E77E4}.Debug|Any CPU.Build.0 = Debug|Any CPU
		{A3F52D2F-4072-4925-977F-ACC8624E77E4}.Release|Any CPU.ActiveCfg = Release|Any CPU
		{A3F52D2F-4072-4925-977F-ACC8624E77E4}.Release|Any CPU.Build.0 = Release|Any CPU
		{A7546758-C5CA-49EB-85FA-1F2B4328D6A4}.Debug|Any CPU.ActiveCfg = Debug|Any CPU
		{A7546758-C5CA-49EB-85FA-1F2B4328D6A4}.Debug|Any CPU.Build.0 = Debug|Any CPU
		{A7546758-C5CA-49EB-85FA-1F2B4328D6A4}.Release|Any CPU.ActiveCfg = Release|Any CPU
		{A7546758-C5CA-49EB-85FA-1F2B4328D6A4}.Release|Any CPU.Build.0 = Release|Any CPU
		{8B7FF6B1-D48A-48A0-A00D-359E243D589A}.Debug|Any CPU.ActiveCfg = Debug|Any CPU
		{8B7FF6B1-D48A-48A0-A00D-359E243D589A}.Debug|Any CPU.Build.0 = Debug|Any CPU
		{8B7FF6B1-D48A-48A0-A00D-359E243D589A}.Release|Any CPU.ActiveCfg = Release|Any CPU
		{8B7FF6B1-D48A-48A0-A00D-359E243D589A}.Release|Any CPU.Build.0 = Release|Any CPU
		{3ED5E883-F15F-4AA8-877C-1E6343FCDEBC}.Debug|Any CPU.ActiveCfg = Debug|Any CPU
		{3ED5E883-F15F-4AA8-877C-1E6343FCDEBC}.Debug|Any CPU.Build.0 = Debug|Any CPU
		{3ED5E883-F15F-4AA8-877C-1E6343FCDEBC}.Release|Any CPU.ActiveCfg = Release|Any CPU
		{3ED5E883-F15F-4AA8-877C-1E6343FCDEBC}.Release|Any CPU.Build.0 = Release|Any CPU
		{604E7258-9250-43A9-A59E-D06303FA3994}.Debug|Any CPU.ActiveCfg = Debug|Any CPU
		{604E7258-9250-43A9-A59E-D06303FA3994}.Debug|Any CPU.Build.0 = Debug|Any CPU
		{604E7258-9250-43A9-A59E-D06303FA3994}.Release|Any CPU.ActiveCfg = Release|Any CPU
		{604E7258-9250-43A9-A59E-D06303FA3994}.Release|Any CPU.Build.0 = Release|Any CPU
	EndGlobalSection
	GlobalSection(SolutionProperties) = preSolution
		HideSolutionNode = FALSE
	EndGlobalSection
	GlobalSection(NestedProjects) = preSolution
		{21A2F9A5-DBFA-4B00-9540-9593B2892D15} = {BCAE716E-AE84-4169-B5F4-21947564D231}
		{B315954C-FB4D-4CB4-8A67-EF402F020C1A} = {B69F6133-0D77-404D-8F23-66C029989C80}
		{B7E5FD3D-203F-4A4C-863F-9397F6FCF0FD} = {2639FC39-6A20-4143-AF38-FF27E1446806}
		{2D552544-2994-4A53-996C-B3001501B353} = {2639FC39-6A20-4143-AF38-FF27E1446806}
		{F700C478-A63C-410C-8E0F-CABA71A5BA01} = {B69F6133-0D77-404D-8F23-66C029989C80}
		{E3B27033-917B-4D35-A938-CCAD40FC55D7} = {2639FC39-6A20-4143-AF38-FF27E1446806}
		{BF8E3B42-9628-46BF-AC8D-DF53037C423E} = {2639FC39-6A20-4143-AF38-FF27E1446806}
		{B5EE4E75-A5BA-4D83-A2F7-DF236A406B30} = {2639FC39-6A20-4143-AF38-FF27E1446806}
		{A3F52D2F-4072-4925-977F-ACC8624E77E4} = {2639FC39-6A20-4143-AF38-FF27E1446806}
		{A7546758-C5CA-49EB-85FA-1F2B4328D6A4} = {2639FC39-6A20-4143-AF38-FF27E1446806}
		{8B7FF6B1-D48A-48A0-A00D-359E243D589A} = {2639FC39-6A20-4143-AF38-FF27E1446806}
		{3ED5E883-F15F-4AA8-877C-1E6343FCDEBC} = {2639FC39-6A20-4143-AF38-FF27E1446806}
		{604E7258-9250-43A9-A59E-D06303FA3994} = {2639FC39-6A20-4143-AF38-FF27E1446806}
	EndGlobalSection
	GlobalSection(ExtensibilityGlobals) = postSolution
		SolutionGuid = {8A1F9C5B-AAF0-473E-BB59-1979B0F53384}
	EndGlobalSection
EndGlobal
